// !$*UTF8*$!
{
	archiveVersion = 1;
	classes = {
	};
	objectVersion = 46;
	objects = {

/* Begin PBXBuildFile section */
		25CC1C4832BAD980C5273000 /* Pods_EaseIM.framework in Frameworks */ = {isa = PBXBuildFile; fileRef = 344E5C73D32CA2BB5EB4141B /* Pods_EaseIM.framework */; };
		3A03FE9F1E360BEE00DC1ABC /* MessageUI.framework in Frameworks */ = {isa = PBXBuildFile; fileRef = D2B1B9EE1C3B80290087A74F /* MessageUI.framework */; };
		3A45D9B322239DE200505786 /* Localizable.strings in Resources */ = {isa = PBXBuildFile; fileRef = 3A45D69A22239DE200505786 /* Localizable.strings */; };
		3A45D9B422239DE200505786 /* InfoPlist.strings in Resources */ = {isa = PBXBuildFile; fileRef = 3A45D69C22239DE200505786 /* InfoPlist.strings */; };
		3A45DA2622239DE200505786 /* main.m in Sources */ = {isa = PBXBuildFile; fileRef = 3A45D72022239DE200505786 /* main.m */; };
		3A45DA2722239DE200505786 /* Images.xcassets in Resources */ = {isa = PBXBuildFile; fileRef = 3A45D72122239DE200505786 /* Images.xcassets */; };
		3A45DBDF22239DE300505786 /* AppDelegate.m in Sources */ = {isa = PBXBuildFile; fileRef = 3A45D9B022239DE200505786 /* AppDelegate.m */; };
		3A45E0172223A1FD00505786 /* EMHomeViewController.m in Sources */ = {isa = PBXBuildFile; fileRef = 3A45DE642223A1FD00505786 /* EMHomeViewController.m */; };
		3A595FAC1D6DBBD100504DB3 /* CoreTelephony.framework in Frameworks */ = {isa = PBXBuildFile; fileRef = 3A595FAB1D6DBBD100504DB3 /* CoreTelephony.framework */; };
		3AB62A131D926375000776F0 /* libbz2.tbd in Frameworks */ = {isa = PBXBuildFile; fileRef = 3AB62A121D926375000776F0 /* libbz2.tbd */; };
		3AFDAE65201AE58F0088D44E /* Security.framework in Frameworks */ = {isa = PBXBuildFile; fileRef = 3C3527401931D32C00385240 /* Security.framework */; };
		3C06AAFF194050A00076FF0B /* CoreLocation.framework in Frameworks */ = {isa = PBXBuildFile; fileRef = 3C06AAFE194050A00076FF0B /* CoreLocation.framework */; };
		3C06AB0319405D330076FF0B /* MapKit.framework in Frameworks */ = {isa = PBXBuildFile; fileRef = 3C06AB0219405D330076FF0B /* MapKit.framework */; };
		3C1CEF7F196EA37600DBA56B /* ImageIO.framework in Frameworks */ = {isa = PBXBuildFile; fileRef = 3C1CEF7E196EA37600DBA56B /* ImageIO.framework */; };
		3C3527451931D37900385240 /* SystemConfiguration.framework in Frameworks */ = {isa = PBXBuildFile; fileRef = 3C3527441931D37900385240 /* SystemConfiguration.framework */; };
		3C4AED3D249A2F7B001F7C50 /* icon-tab我@2x.png in Resources */ = {isa = PBXBuildFile; fileRef = 3C4AED3A249A2F79001F7C50 /* icon-tab我@2x.png */; };
		3C4AED3E249A2F7B001F7C50 /* icon-tab我.png in Resources */ = {isa = PBXBuildFile; fileRef = 3C4AED3B249A2F7A001F7C50 /* icon-tab我.png */; };
		3C4AED3F249A2F7B001F7C50 /* icon-tab我@3x.png in Resources */ = {isa = PBXBuildFile; fileRef = 3C4AED3C249A2F7B001F7C50 /* icon-tab我@3x.png */; };
		3C4AED43249A2F89001F7C50 /* icon-tab我unselected@2x.png in Resources */ = {isa = PBXBuildFile; fileRef = 3C4AED40249A2F86001F7C50 /* icon-tab我unselected@2x.png */; };
		3C4AED44249A2F89001F7C50 /* icon-tab我unselected.png in Resources */ = {isa = PBXBuildFile; fileRef = 3C4AED41249A2F88001F7C50 /* icon-tab我unselected.png */; };
		3C4AED45249A2F89001F7C50 /* icon-tab我unselected@3x.png in Resources */ = {isa = PBXBuildFile; fileRef = 3C4AED42249A2F89001F7C50 /* icon-tab我unselected@3x.png */; };
		3C4AED49249A2F95001F7C50 /* icon-tab通讯录@3x.png in Resources */ = {isa = PBXBuildFile; fileRef = 3C4AED46249A2F92001F7C50 /* icon-tab通讯录@3x.png */; };
		3C4AED4A249A2F95001F7C50 /* icon-tab通讯录.png in Resources */ = {isa = PBXBuildFile; fileRef = 3C4AED47249A2F93001F7C50 /* icon-tab通讯录.png */; };
		3C4AED4B249A2F95001F7C50 /* icon-tab通讯录@2x.png in Resources */ = {isa = PBXBuildFile; fileRef = 3C4AED48249A2F94001F7C50 /* icon-tab通讯录@2x.png */; };
		3C4AED4F249A2F9D001F7C50 /* icon-tab通讯录unselected@2x.png in Resources */ = {isa = PBXBuildFile; fileRef = 3C4AED4C249A2F9B001F7C50 /* icon-tab通讯录unselected@2x.png */; };
		3C4AED50249A2F9D001F7C50 /* icon-tab通讯录unselected@3x.png in Resources */ = {isa = PBXBuildFile; fileRef = 3C4AED4D249A2F9C001F7C50 /* icon-tab通讯录unselected@3x.png */; };
		3C4AED51249A2F9D001F7C50 /* icon-tab通讯录unselected.png in Resources */ = {isa = PBXBuildFile; fileRef = 3C4AED4E249A2F9D001F7C50 /* icon-tab通讯录unselected.png */; };
		3C4AED55249A2FAB001F7C50 /* icon-tab会话@3x.png in Resources */ = {isa = PBXBuildFile; fileRef = 3C4AED52249A2FA9001F7C50 /* icon-tab会话@3x.png */; };
		3C4AED56249A2FAB001F7C50 /* icon-tab会话.png in Resources */ = {isa = PBXBuildFile; fileRef = 3C4AED53249A2FAA001F7C50 /* icon-tab会话.png */; };
		3C4AED57249A2FAB001F7C50 /* icon-tab会话@2x.png in Resources */ = {isa = PBXBuildFile; fileRef = 3C4AED54249A2FAA001F7C50 /* icon-tab会话@2x.png */; };
		3C4AED5B249A2FB8001F7C50 /* icon-tab会话unselected.png in Resources */ = {isa = PBXBuildFile; fileRef = 3C4AED58249A2FB2001F7C50 /* icon-tab会话unselected.png */; };
		3C4AED5C249A2FB8001F7C50 /* icon-tab会话unselected@2x.png in Resources */ = {isa = PBXBuildFile; fileRef = 3C4AED59249A2FB5001F7C50 /* icon-tab会话unselected@2x.png */; };
		3C4AED5D249A2FB8001F7C50 /* icon-tab会话unselected@3x.png in Resources */ = {isa = PBXBuildFile; fileRef = 3C4AED5A249A2FB8001F7C50 /* icon-tab会话unselected@3x.png */; };
		3C710D5F24E2A718003D2467 /* CoreServices.framework in Frameworks */ = {isa = PBXBuildFile; fileRef = 3ACFA04E221168C000B16331 /* CoreServices.framework */; };
		3C91A0A925C3FFBD00103C2E /* music.mp3 in Resources */ = {isa = PBXBuildFile; fileRef = 3C91A0A825C3FFBC00103C2E /* music.mp3 */; };
		3C97EF2A23A87B5C004E97B7 /* CloudKit.framework in Frameworks */ = {isa = PBXBuildFile; fileRef = 3C97EF2923A87B5C004E97B7 /* CloudKit.framework */; };
		3CE6293319A1B13700829632 /* CoreText.framework in Frameworks */ = {isa = PBXBuildFile; fileRef = 3CE6293219A1B13700829632 /* CoreText.framework */; };
		90911028192EEA70008A48AA /* Foundation.framework in Frameworks */ = {isa = PBXBuildFile; fileRef = 90911027192EEA70008A48AA /* Foundation.framework */; };
		9091102C192EEA70008A48AA /* UIKit.framework in Frameworks */ = {isa = PBXBuildFile; fileRef = 9091102B192EEA70008A48AA /* UIKit.framework */; settings = {ATTRIBUTES = (Weak, ); }; };
		90F1BECD1930492300121AEC /* CFNetwork.framework in Frameworks */ = {isa = PBXBuildFile; fileRef = 90F1BECC1930492300121AEC /* CFNetwork.framework */; };
		90F1BECF1930492B00121AEC /* AddressBook.framework in Frameworks */ = {isa = PBXBuildFile; fileRef = 90F1BECE1930492B00121AEC /* AddressBook.framework */; };
		921C6A9E1D2A841600D8257F /* CoreMotion.framework in Frameworks */ = {isa = PBXBuildFile; fileRef = 921C6A9D1D2A841600D8257F /* CoreMotion.framework */; };
		9EA3D50327BA3FD000FD621D /* ring.caf in Resources */ = {isa = PBXBuildFile; fileRef = 9EA3D50227BA3FD000FD621D /* ring.caf */; };
		C05E3E4B2890D014008490D7 /* EMSettingViewController.m in Sources */ = {isa = PBXBuildFile; fileRef = C05E3E4A2890D014008490D7 /* EMSettingViewController.m */; };
		C05E3E562890E56A008490D7 /* icon-add@2x.png in Resources */ = {isa = PBXBuildFile; fileRef = C05E3E542890E56A008490D7 /* icon-add@2x.png */; };
		C05E3E572890E56A008490D7 /* icon-add@3x.png in Resources */ = {isa = PBXBuildFile; fileRef = C05E3E552890E56A008490D7 /* icon-add@3x.png */; };
		C0B69FF9288E8C9C0035B551 /* BQPersonalGroupEnterViewController.m in Sources */ = {isa = PBXBuildFile; fileRef = C0B69FF7288E8C9C0035B551 /* BQPersonalGroupEnterViewController.m */; };
		C0B69FFC288E8E280035B551 /* BQEnterSwitchViewController.m in Sources */ = {isa = PBXBuildFile; fileRef = C0B69FFB288E8E280035B551 /* BQEnterSwitchViewController.m */; };
		C0DE50A4288FBC0400980C65 /* EMAlertView.m in Sources */ = {isa = PBXBuildFile; fileRef = C0DE50A2288FBC0400980C65 /* EMAlertView.m */; };
		C0E6D27E288FFECB005FC97C /* UIColor+BQ.m in Sources */ = {isa = PBXBuildFile; fileRef = C0E6D27D288FFECB005FC97C /* UIColor+BQ.m */; };
		C0E9E5222611D5550080AB28 /* libsqlite3.0.tbd in Frameworks */ = {isa = PBXBuildFile; fileRef = C0E9E5212611D5480080AB28 /* libsqlite3.0.tbd */; };
		D29A6BB51B7209C1002324BB /* Accounts.framework in Frameworks */ = {isa = PBXBuildFile; fileRef = D29A6BB41B7209C1002324BB /* Accounts.framework */; };
		D29A6BB61B7209C8002324BB /* Social.framework in Frameworks */ = {isa = PBXBuildFile; fileRef = 3C3527421931D33A00385240 /* Social.framework */; };
/* End PBXBuildFile section */

/* Begin PBXCopyFilesBuildPhase section */
		3CDE808924FD024000BAA3E2 /* Embed App Extensions */ = {
			isa = PBXCopyFilesBuildPhase;
			buildActionMask = 2147483647;
			dstPath = "";
			dstSubfolderSpec = 13;
			files = (
			);
			name = "Embed App Extensions";
			runOnlyForDeploymentPostprocessing = 0;
		};
/* End PBXCopyFilesBuildPhase section */

/* Begin PBXFileReference section */
		344E5C73D32CA2BB5EB4141B /* Pods_EaseIM.framework */ = {isa = PBXFileReference; explicitFileType = wrapper.framework; includeInIndex = 0; path = Pods_EaseIM.framework; sourceTree = BUILT_PRODUCTS_DIR; };
		3A45D69B22239DE200505786 /* zh-Hans */ = {isa = PBXFileReference; lastKnownFileType = text.plist.strings; name = "zh-Hans"; path = "zh-Hans.lproj/Localizable.strings"; sourceTree = "<group>"; };
		3A45D69D22239DE200505786 /* zh-Hans */ = {isa = PBXFileReference; lastKnownFileType = text.plist.strings; name = "zh-Hans"; path = "zh-Hans.lproj/InfoPlist.strings"; sourceTree = "<group>"; };
		3A45D69E22239DE200505786 /* en */ = {isa = PBXFileReference; lastKnownFileType = text.plist.strings; name = en; path = en.lproj/Localizable.strings; sourceTree = "<group>"; };
		3A45D69F22239DE200505786 /* en */ = {isa = PBXFileReference; lastKnownFileType = text.plist.strings; name = en; path = en.lproj/InfoPlist.strings; sourceTree = "<group>"; };
		3A45D71F22239DE200505786 /* EaseIM-Prefix.pch */ = {isa = PBXFileReference; fileEncoding = 4; lastKnownFileType = sourcecode.c.h; path = "EaseIM-Prefix.pch"; sourceTree = "<group>"; };
		3A45D72022239DE200505786 /* main.m */ = {isa = PBXFileReference; fileEncoding = 4; lastKnownFileType = sourcecode.c.objc; path = main.m; sourceTree = "<group>"; };
		3A45D72122239DE200505786 /* Images.xcassets */ = {isa = PBXFileReference; lastKnownFileType = folder.assetcatalog; path = Images.xcassets; sourceTree = "<group>"; };
		3A45D8FE22239DE200505786 /* AppDelegate.h */ = {isa = PBXFileReference; fileEncoding = 4; lastKnownFileType = sourcecode.c.h; path = AppDelegate.h; sourceTree = "<group>"; };
		3A45D9B022239DE200505786 /* AppDelegate.m */ = {isa = PBXFileReference; fileEncoding = 4; lastKnownFileType = sourcecode.c.objc; path = AppDelegate.m; sourceTree = "<group>"; };
		3A45D9B222239DE200505786 /* EaseIM-Info.plist */ = {isa = PBXFileReference; fileEncoding = 4; lastKnownFileType = text.plist.xml; path = "EaseIM-Info.plist"; sourceTree = "<group>"; };
		3A45DE632223A1FD00505786 /* EMHomeViewController.h */ = {isa = PBXFileReference; fileEncoding = 4; lastKnownFileType = sourcecode.c.h; path = EMHomeViewController.h; sourceTree = "<group>"; };
		3A45DE642223A1FD00505786 /* EMHomeViewController.m */ = {isa = PBXFileReference; fileEncoding = 4; lastKnownFileType = sourcecode.c.objc; path = EMHomeViewController.m; sourceTree = "<group>"; };
		3A595FAB1D6DBBD100504DB3 /* CoreTelephony.framework */ = {isa = PBXFileReference; lastKnownFileType = wrapper.framework; name = CoreTelephony.framework; path = System/Library/Frameworks/CoreTelephony.framework; sourceTree = SDKROOT; };
		3AB62A0E1D926341000776F0 /* libz.tbd */ = {isa = PBXFileReference; lastKnownFileType = "sourcecode.text-based-dylib-definition"; name = libz.tbd; path = usr/lib/libz.tbd; sourceTree = SDKROOT; };
		3AB62A101D92636E000776F0 /* libiconv.tbd */ = {isa = PBXFileReference; lastKnownFileType = "sourcecode.text-based-dylib-definition"; name = libiconv.tbd; path = usr/lib/libiconv.tbd; sourceTree = SDKROOT; };
		3AB62A121D926375000776F0 /* libbz2.tbd */ = {isa = PBXFileReference; lastKnownFileType = "sourcecode.text-based-dylib-definition"; name = libbz2.tbd; path = usr/lib/libbz2.tbd; sourceTree = SDKROOT; };
		3ACFA04E221168C000B16331 /* CoreServices.framework */ = {isa = PBXFileReference; lastKnownFileType = wrapper.framework; name = CoreServices.framework; path = System/Library/Frameworks/CoreServices.framework; sourceTree = SDKROOT; };
		3C06AAFE194050A00076FF0B /* CoreLocation.framework */ = {isa = PBXFileReference; lastKnownFileType = wrapper.framework; name = CoreLocation.framework; path = System/Library/Frameworks/CoreLocation.framework; sourceTree = SDKROOT; };
		3C06AB0219405D330076FF0B /* MapKit.framework */ = {isa = PBXFileReference; lastKnownFileType = wrapper.framework; name = MapKit.framework; path = System/Library/Frameworks/MapKit.framework; sourceTree = SDKROOT; };
		3C1CEF7E196EA37600DBA56B /* ImageIO.framework */ = {isa = PBXFileReference; lastKnownFileType = wrapper.framework; name = ImageIO.framework; path = System/Library/Frameworks/ImageIO.framework; sourceTree = SDKROOT; };
		3C27F9101A1C8FCD008272EF /* QuartzCore.framework */ = {isa = PBXFileReference; lastKnownFileType = wrapper.framework; name = QuartzCore.framework; path = System/Library/Frameworks/QuartzCore.framework; sourceTree = SDKROOT; };
		3C3527401931D32C00385240 /* Security.framework */ = {isa = PBXFileReference; lastKnownFileType = wrapper.framework; name = Security.framework; path = System/Library/Frameworks/Security.framework; sourceTree = SDKROOT; };
		3C3527421931D33A00385240 /* Social.framework */ = {isa = PBXFileReference; lastKnownFileType = wrapper.framework; name = Social.framework; path = System/Library/Frameworks/Social.framework; sourceTree = SDKROOT; };
		3C3527441931D37900385240 /* SystemConfiguration.framework */ = {isa = PBXFileReference; lastKnownFileType = wrapper.framework; name = SystemConfiguration.framework; path = System/Library/Frameworks/SystemConfiguration.framework; sourceTree = SDKROOT; };
		3C44794124FF4FBA000AD3E7 /* EaseIM.entitlements */ = {isa = PBXFileReference; lastKnownFileType = text.plist.entitlements; path = EaseIM.entitlements; sourceTree = "<group>"; };
		3C4AED3A249A2F79001F7C50 /* icon-tab我@2x.png */ = {isa = PBXFileReference; lastKnownFileType = image.png; path = "icon-tab我@2x.png"; sourceTree = "<group>"; };
		3C4AED3B249A2F7A001F7C50 /* icon-tab我.png */ = {isa = PBXFileReference; lastKnownFileType = image.png; path = "icon-tab我.png"; sourceTree = "<group>"; };
		3C4AED3C249A2F7B001F7C50 /* icon-tab我@3x.png */ = {isa = PBXFileReference; lastKnownFileType = image.png; path = "icon-tab我@3x.png"; sourceTree = "<group>"; };
		3C4AED40249A2F86001F7C50 /* icon-tab我unselected@2x.png */ = {isa = PBXFileReference; lastKnownFileType = image.png; path = "icon-tab我unselected@2x.png"; sourceTree = "<group>"; };
		3C4AED41249A2F88001F7C50 /* icon-tab我unselected.png */ = {isa = PBXFileReference; lastKnownFileType = image.png; path = "icon-tab我unselected.png"; sourceTree = "<group>"; };
		3C4AED42249A2F89001F7C50 /* icon-tab我unselected@3x.png */ = {isa = PBXFileReference; lastKnownFileType = image.png; path = "icon-tab我unselected@3x.png"; sourceTree = "<group>"; };
		3C4AED46249A2F92001F7C50 /* icon-tab通讯录@3x.png */ = {isa = PBXFileReference; lastKnownFileType = image.png; path = "icon-tab通讯录@3x.png"; sourceTree = "<group>"; };
		3C4AED47249A2F93001F7C50 /* icon-tab通讯录.png */ = {isa = PBXFileReference; lastKnownFileType = image.png; path = "icon-tab通讯录.png"; sourceTree = "<group>"; };
		3C4AED48249A2F94001F7C50 /* icon-tab通讯录@2x.png */ = {isa = PBXFileReference; lastKnownFileType = image.png; path = "icon-tab通讯录@2x.png"; sourceTree = "<group>"; };
		3C4AED4C249A2F9B001F7C50 /* icon-tab通讯录unselected@2x.png */ = {isa = PBXFileReference; lastKnownFileType = image.png; path = "icon-tab通讯录unselected@2x.png"; sourceTree = "<group>"; };
		3C4AED4D249A2F9C001F7C50 /* icon-tab通讯录unselected@3x.png */ = {isa = PBXFileReference; lastKnownFileType = image.png; path = "icon-tab通讯录unselected@3x.png"; sourceTree = "<group>"; };
		3C4AED4E249A2F9D001F7C50 /* icon-tab通讯录unselected.png */ = {isa = PBXFileReference; lastKnownFileType = image.png; path = "icon-tab通讯录unselected.png"; sourceTree = "<group>"; };
		3C4AED52249A2FA9001F7C50 /* icon-tab会话@3x.png */ = {isa = PBXFileReference; lastKnownFileType = image.png; path = "icon-tab会话@3x.png"; sourceTree = "<group>"; };
		3C4AED53249A2FAA001F7C50 /* icon-tab会话.png */ = {isa = PBXFileReference; lastKnownFileType = image.png; path = "icon-tab会话.png"; sourceTree = "<group>"; };
		3C4AED54249A2FAA001F7C50 /* icon-tab会话@2x.png */ = {isa = PBXFileReference; lastKnownFileType = image.png; path = "icon-tab会话@2x.png"; sourceTree = "<group>"; };
		3C4AED58249A2FB2001F7C50 /* icon-tab会话unselected.png */ = {isa = PBXFileReference; lastKnownFileType = image.png; path = "icon-tab会话unselected.png"; sourceTree = "<group>"; };
		3C4AED59249A2FB5001F7C50 /* icon-tab会话unselected@2x.png */ = {isa = PBXFileReference; lastKnownFileType = image.png; path = "icon-tab会话unselected@2x.png"; sourceTree = "<group>"; };
		3C4AED5A249A2FB8001F7C50 /* icon-tab会话unselected@3x.png */ = {isa = PBXFileReference; lastKnownFileType = image.png; path = "icon-tab会话unselected@3x.png"; sourceTree = "<group>"; };
		3C91A0A825C3FFBC00103C2E /* music.mp3 */ = {isa = PBXFileReference; lastKnownFileType = audio.mp3; path = music.mp3; sourceTree = SOURCE_ROOT; };
		3C97EF2923A87B5C004E97B7 /* CloudKit.framework */ = {isa = PBXFileReference; lastKnownFileType = wrapper.framework; name = CloudKit.framework; path = System/Library/Frameworks/CloudKit.framework; sourceTree = SDKROOT; };
		3CE6293219A1B13700829632 /* CoreText.framework */ = {isa = PBXFileReference; lastKnownFileType = wrapper.framework; name = CoreText.framework; path = System/Library/Frameworks/CoreText.framework; sourceTree = SDKROOT; };
		8B189299A54EE9BBE1F1817E /* Pods-EaseIM.debug.xcconfig */ = {isa = PBXFileReference; includeInIndex = 1; lastKnownFileType = text.xcconfig; name = "Pods-EaseIM.debug.xcconfig"; path = "Target Support Files/Pods-EaseIM/Pods-EaseIM.debug.xcconfig"; sourceTree = "<group>"; };
		90911024192EEA70008A48AA /* EaseIM.app */ = {isa = PBXFileReference; explicitFileType = wrapper.application; includeInIndex = 0; path = EaseIM.app; sourceTree = BUILT_PRODUCTS_DIR; };
		90911027192EEA70008A48AA /* Foundation.framework */ = {isa = PBXFileReference; lastKnownFileType = wrapper.framework; name = Foundation.framework; path = System/Library/Frameworks/Foundation.framework; sourceTree = SDKROOT; };
		90911029192EEA70008A48AA /* CoreGraphics.framework */ = {isa = PBXFileReference; lastKnownFileType = wrapper.framework; name = CoreGraphics.framework; path = System/Library/Frameworks/CoreGraphics.framework; sourceTree = SDKROOT; };
		9091102B192EEA70008A48AA /* UIKit.framework */ = {isa = PBXFileReference; lastKnownFileType = wrapper.framework; name = UIKit.framework; path = System/Library/Frameworks/UIKit.framework; sourceTree = SDKROOT; };
		90F1BECC1930492300121AEC /* CFNetwork.framework */ = {isa = PBXFileReference; lastKnownFileType = wrapper.framework; name = CFNetwork.framework; path = System/Library/Frameworks/CFNetwork.framework; sourceTree = SDKROOT; };
		90F1BECE1930492B00121AEC /* AddressBook.framework */ = {isa = PBXFileReference; lastKnownFileType = wrapper.framework; name = AddressBook.framework; path = System/Library/Frameworks/AddressBook.framework; sourceTree = SDKROOT; };
		90F1BED41930495800121AEC /* MobileCoreServices.framework */ = {isa = PBXFileReference; lastKnownFileType = wrapper.framework; name = MobileCoreServices.framework; path = System/Library/Frameworks/MobileCoreServices.framework; sourceTree = SDKROOT; };
		921C6A9D1D2A841600D8257F /* CoreMotion.framework */ = {isa = PBXFileReference; lastKnownFileType = wrapper.framework; name = CoreMotion.framework; path = System/Library/Frameworks/CoreMotion.framework; sourceTree = SDKROOT; };
		99F7D965763E386F7CDED5BD /* Pods-EaseIM.release.xcconfig */ = {isa = PBXFileReference; includeInIndex = 1; lastKnownFileType = text.xcconfig; name = "Pods-EaseIM.release.xcconfig"; path = "Target Support Files/Pods-EaseIM/Pods-EaseIM.release.xcconfig"; sourceTree = "<group>"; };
		9EA3D50227BA3FD000FD621D /* ring.caf */ = {isa = PBXFileReference; lastKnownFileType = file; path = ring.caf; sourceTree = "<group>"; };
		C05E3E492890D014008490D7 /* EMSettingViewController.h */ = {isa = PBXFileReference; lastKnownFileType = sourcecode.c.h; path = EMSettingViewController.h; sourceTree = "<group>"; };
		C05E3E4A2890D014008490D7 /* EMSettingViewController.m */ = {isa = PBXFileReference; lastKnownFileType = sourcecode.c.objc; path = EMSettingViewController.m; sourceTree = "<group>"; };
		C05E3E542890E56A008490D7 /* icon-add@2x.png */ = {isa = PBXFileReference; lastKnownFileType = image.png; path = "icon-add@2x.png"; sourceTree = "<group>"; };
		C05E3E552890E56A008490D7 /* icon-add@3x.png */ = {isa = PBXFileReference; lastKnownFileType = image.png; path = "icon-add@3x.png"; sourceTree = "<group>"; };
		C0B69FF7288E8C9C0035B551 /* BQPersonalGroupEnterViewController.m */ = {isa = PBXFileReference; fileEncoding = 4; lastKnownFileType = sourcecode.c.objc; path = BQPersonalGroupEnterViewController.m; sourceTree = "<group>"; };
		C0B69FF8288E8C9C0035B551 /* BQPersonalGroupEnterViewController.h */ = {isa = PBXFileReference; fileEncoding = 4; lastKnownFileType = sourcecode.c.h; path = BQPersonalGroupEnterViewController.h; sourceTree = "<group>"; };
		C0B69FFA288E8E280035B551 /* BQEnterSwitchViewController.h */ = {isa = PBXFileReference; fileEncoding = 4; lastKnownFileType = sourcecode.c.h; path = BQEnterSwitchViewController.h; sourceTree = "<group>"; };
		C0B69FFB288E8E280035B551 /* BQEnterSwitchViewController.m */ = {isa = PBXFileReference; fileEncoding = 4; lastKnownFileType = sourcecode.c.objc; path = BQEnterSwitchViewController.m; sourceTree = "<group>"; };
		C0DCAF932861667D00C1D9A6 /* EaseIMKit.framework */ = {isa = PBXFileReference; explicitFileType = wrapper.framework; path = EaseIMKit.framework; sourceTree = BUILT_PRODUCTS_DIR; };
		C0DCAF962861668900C1D9A6 /* HyphenateChat.framework */ = {isa = PBXFileReference; explicitFileType = wrapper.framework; path = HyphenateChat.framework; sourceTree = BUILT_PRODUCTS_DIR; };
		C0DCAF992861668F00C1D9A6 /* EaseCallKit.framework */ = {isa = PBXFileReference; explicitFileType = wrapper.framework; path = EaseCallKit.framework; sourceTree = BUILT_PRODUCTS_DIR; };
		C0DE50A2288FBC0400980C65 /* EMAlertView.m */ = {isa = PBXFileReference; fileEncoding = 4; lastKnownFileType = sourcecode.c.objc; path = EMAlertView.m; sourceTree = "<group>"; };
		C0DE50A3288FBC0400980C65 /* EMAlertView.h */ = {isa = PBXFileReference; fileEncoding = 4; lastKnownFileType = sourcecode.c.h; path = EMAlertView.h; sourceTree = "<group>"; };
		C0DE50A5288FC02300980C65 /* BQDemoUIDefine.h */ = {isa = PBXFileReference; fileEncoding = 4; lastKnownFileType = sourcecode.c.h; path = BQDemoUIDefine.h; sourceTree = "<group>"; };
		C0E6D27C288FFECB005FC97C /* UIColor+BQ.h */ = {isa = PBXFileReference; fileEncoding = 4; lastKnownFileType = sourcecode.c.h; path = "UIColor+BQ.h"; sourceTree = "<group>"; };
		C0E6D27D288FFECB005FC97C /* UIColor+BQ.m */ = {isa = PBXFileReference; fileEncoding = 4; lastKnownFileType = sourcecode.c.objc; path = "UIColor+BQ.m"; sourceTree = "<group>"; };
		C0E9E5212611D5480080AB28 /* libsqlite3.0.tbd */ = {isa = PBXFileReference; lastKnownFileType = "sourcecode.text-based-dylib-definition"; name = libsqlite3.0.tbd; path = usr/lib/libsqlite3.0.tbd; sourceTree = SDKROOT; };
		D29A6BB41B7209C1002324BB /* Accounts.framework */ = {isa = PBXFileReference; lastKnownFileType = wrapper.framework; name = Accounts.framework; path = System/Library/Frameworks/Accounts.framework; sourceTree = SDKROOT; };
		D2B1B9EC1C3B800E0087A74F /* AssetsLibrary.framework */ = {isa = PBXFileReference; lastKnownFileType = wrapper.framework; name = AssetsLibrary.framework; path = System/Library/Frameworks/AssetsLibrary.framework; sourceTree = SDKROOT; };
		D2B1B9EE1C3B80290087A74F /* MessageUI.framework */ = {isa = PBXFileReference; lastKnownFileType = wrapper.framework; name = MessageUI.framework; path = System/Library/Frameworks/MessageUI.framework; sourceTree = SDKROOT; };
		EBF955E21ADD17700087E035 /* AVFoundation.framework */ = {isa = PBXFileReference; lastKnownFileType = wrapper.framework; name = AVFoundation.framework; path = System/Library/Frameworks/AVFoundation.framework; sourceTree = SDKROOT; };
/* End PBXFileReference section */

/* Begin PBXFrameworksBuildPhase section */
		90911021192EEA70008A48AA /* Frameworks */ = {
			isa = PBXFrameworksBuildPhase;
			buildActionMask = 2147483647;
			files = (
				3C710D5F24E2A718003D2467 /* CoreServices.framework in Frameworks */,
				3AFDAE65201AE58F0088D44E /* Security.framework in Frameworks */,
				C0E9E5222611D5550080AB28 /* libsqlite3.0.tbd in Frameworks */,
				3A03FE9F1E360BEE00DC1ABC /* MessageUI.framework in Frameworks */,
				3A595FAC1D6DBBD100504DB3 /* CoreTelephony.framework in Frameworks */,
				3AB62A131D926375000776F0 /* libbz2.tbd in Frameworks */,
				921C6A9E1D2A841600D8257F /* CoreMotion.framework in Frameworks */,
				D29A6BB61B7209C8002324BB /* Social.framework in Frameworks */,
				D29A6BB51B7209C1002324BB /* Accounts.framework in Frameworks */,
				3CE6293319A1B13700829632 /* CoreText.framework in Frameworks */,
				3C97EF2A23A87B5C004E97B7 /* CloudKit.framework in Frameworks */,
				3C1CEF7F196EA37600DBA56B /* ImageIO.framework in Frameworks */,
				3C06AB0319405D330076FF0B /* MapKit.framework in Frameworks */,
				3C06AAFF194050A00076FF0B /* CoreLocation.framework in Frameworks */,
				3C3527451931D37900385240 /* SystemConfiguration.framework in Frameworks */,
				90F1BECF1930492B00121AEC /* AddressBook.framework in Frameworks */,
				90F1BECD1930492300121AEC /* CFNetwork.framework in Frameworks */,
				9091102C192EEA70008A48AA /* UIKit.framework in Frameworks */,
				90911028192EEA70008A48AA /* Foundation.framework in Frameworks */,
				25CC1C4832BAD980C5273000 /* Pods_EaseIM.framework in Frameworks */,
			);
			runOnlyForDeploymentPostprocessing = 0;
		};
/* End PBXFrameworksBuildPhase section */

/* Begin PBXGroup section */
		3A45D69922239DE200505786 /* EaseIM */ = {
			isa = PBXGroup;
			children = (
				3C91A0A825C3FFBC00103C2E /* music.mp3 */,
				3A45D72222239DE200505786 /* Class */,
				3A45D72022239DE200505786 /* main.m */,
				3C44794124FF4FBA000AD3E7 /* EaseIM.entitlements */,
				3A45D9B222239DE200505786 /* EaseIM-Info.plist */,
				3A45D71F22239DE200505786 /* EaseIM-Prefix.pch */,
				3A45D69A22239DE200505786 /* Localizable.strings */,
				3A45D69C22239DE200505786 /* InfoPlist.strings */,
				3A45D72122239DE200505786 /* Images.xcassets */,
			);
			path = EaseIM;
			sourceTree = "<group>";
		};
		3A45D72222239DE200505786 /* Class */ = {
			isa = PBXGroup;
			children = (
				C0DE50A5288FC02300980C65 /* BQDemoUIDefine.h */,
				C0DE50A3288FBC0400980C65 /* EMAlertView.h */,
				C0DE50A2288FBC0400980C65 /* EMAlertView.m */,
				C0E6D27C288FFECB005FC97C /* UIColor+BQ.h */,
				C0E6D27D288FFECB005FC97C /* UIColor+BQ.m */,
				3A45D8FE22239DE200505786 /* AppDelegate.h */,
				3A45D9B022239DE200505786 /* AppDelegate.m */,
				3A45DE562223A1FD00505786 /* Resource */,
				3A45DE552223A1FD00505786 /* Home */,
			);
			path = Class;
			sourceTree = "<group>";
		};
		3A45DE552223A1FD00505786 /* Home */ = {
			isa = PBXGroup;
			children = (
				C0B69FFA288E8E280035B551 /* BQEnterSwitchViewController.h */,
				C0B69FFB288E8E280035B551 /* BQEnterSwitchViewController.m */,
				C0B69FF8288E8C9C0035B551 /* BQPersonalGroupEnterViewController.h */,
				C0B69FF7288E8C9C0035B551 /* BQPersonalGroupEnterViewController.m */,
				C05E3E492890D014008490D7 /* EMSettingViewController.h */,
				C05E3E4A2890D014008490D7 /* EMSettingViewController.m */,
				3A45DE632223A1FD00505786 /* EMHomeViewController.h */,
				3A45DE642223A1FD00505786 /* EMHomeViewController.m */,
			);
			path = Home;
			sourceTree = "<group>";
		};
		3A45DE562223A1FD00505786 /* Resource */ = {
			isa = PBXGroup;
			children = (
				3C4AED58249A2FB2001F7C50 /* icon-tab会话unselected.png */,
				3C4AED59249A2FB5001F7C50 /* icon-tab会话unselected@2x.png */,
				3C4AED5A249A2FB8001F7C50 /* icon-tab会话unselected@3x.png */,
				3C4AED53249A2FAA001F7C50 /* icon-tab会话.png */,
				3C4AED54249A2FAA001F7C50 /* icon-tab会话@2x.png */,
				3C4AED52249A2FA9001F7C50 /* icon-tab会话@3x.png */,
				3C4AED4E249A2F9D001F7C50 /* icon-tab通讯录unselected.png */,
				3C4AED4C249A2F9B001F7C50 /* icon-tab通讯录unselected@2x.png */,
				3C4AED4D249A2F9C001F7C50 /* icon-tab通讯录unselected@3x.png */,
				3C4AED47249A2F93001F7C50 /* icon-tab通讯录.png */,
				3C4AED48249A2F94001F7C50 /* icon-tab通讯录@2x.png */,
				3C4AED46249A2F92001F7C50 /* icon-tab通讯录@3x.png */,
				3C4AED41249A2F88001F7C50 /* icon-tab我unselected.png */,
				3C4AED40249A2F86001F7C50 /* icon-tab我unselected@2x.png */,
				C05E3E542890E56A008490D7 /* icon-add@2x.png */,
				C05E3E552890E56A008490D7 /* icon-add@3x.png */,
				3C4AED42249A2F89001F7C50 /* icon-tab我unselected@3x.png */,
				3C4AED3B249A2F7A001F7C50 /* icon-tab我.png */,
				3C4AED3A249A2F79001F7C50 /* icon-tab我@2x.png */,
				3C4AED3C249A2F7B001F7C50 /* icon-tab我@3x.png */,
			);
			path = Resource;
			sourceTree = "<group>";
		};
		666D1711277BF9AE00B4FA69 /* Recovered References */ = {
			isa = PBXGroup;
			children = (
			);
			name = "Recovered References";
			sourceTree = "<group>";
		};
		9091101B192EEA70008A48AA = {
			isa = PBXGroup;
			children = (
				9EA3D50227BA3FD000FD621D /* ring.caf */,
				3A45D69922239DE200505786 /* EaseIM */,
				90911026192EEA70008A48AA /* Frameworks */,
				90911025192EEA70008A48AA /* Products */,
				666D1711277BF9AE00B4FA69 /* Recovered References */,
				AF551C96B1882AED17BC6EC6 /* Pods */,
			);
			sourceTree = "<group>";
		};
		90911025192EEA70008A48AA /* Products */ = {
			isa = PBXGroup;
			children = (
				90911024192EEA70008A48AA /* EaseIM.app */,
			);
			name = Products;
			sourceTree = "<group>";
		};
		90911026192EEA70008A48AA /* Frameworks */ = {
			isa = PBXGroup;
			children = (
				C0DCAF992861668F00C1D9A6 /* EaseCallKit.framework */,
				C0DCAF962861668900C1D9A6 /* HyphenateChat.framework */,
				C0DCAF932861667D00C1D9A6 /* EaseIMKit.framework */,
				C0E9E5212611D5480080AB28 /* libsqlite3.0.tbd */,
				D29A6BB41B7209C1002324BB /* Accounts.framework */,
				90F1BECE1930492B00121AEC /* AddressBook.framework */,
				D2B1B9EC1C3B800E0087A74F /* AssetsLibrary.framework */,
				EBF955E21ADD17700087E035 /* AVFoundation.framework */,
				90F1BECC1930492300121AEC /* CFNetwork.framework */,
				3C97EF2923A87B5C004E97B7 /* CloudKit.framework */,
				90911029192EEA70008A48AA /* CoreGraphics.framework */,
				3C06AAFE194050A00076FF0B /* CoreLocation.framework */,
				921C6A9D1D2A841600D8257F /* CoreMotion.framework */,
				3ACFA04E221168C000B16331 /* CoreServices.framework */,
				3A595FAB1D6DBBD100504DB3 /* CoreTelephony.framework */,
				3CE6293219A1B13700829632 /* CoreText.framework */,
				90911027192EEA70008A48AA /* Foundation.framework */,
				3C1CEF7E196EA37600DBA56B /* ImageIO.framework */,
				3AB62A121D926375000776F0 /* libbz2.tbd */,
				3AB62A101D92636E000776F0 /* libiconv.tbd */,
				3AB62A0E1D926341000776F0 /* libz.tbd */,
				3C06AB0219405D330076FF0B /* MapKit.framework */,
				D2B1B9EE1C3B80290087A74F /* MessageUI.framework */,
				90F1BED41930495800121AEC /* MobileCoreServices.framework */,
				3C27F9101A1C8FCD008272EF /* QuartzCore.framework */,
				3C3527401931D32C00385240 /* Security.framework */,
				3C3527421931D33A00385240 /* Social.framework */,
				3C3527441931D37900385240 /* SystemConfiguration.framework */,
				9091102B192EEA70008A48AA /* UIKit.framework */,
				344E5C73D32CA2BB5EB4141B /* Pods_EaseIM.framework */,
			);
			name = Frameworks;
			sourceTree = "<group>";
		};
		AF551C96B1882AED17BC6EC6 /* Pods */ = {
			isa = PBXGroup;
			children = (
				8B189299A54EE9BBE1F1817E /* Pods-EaseIM.debug.xcconfig */,
				99F7D965763E386F7CDED5BD /* Pods-EaseIM.release.xcconfig */,
			);
			path = Pods;
			sourceTree = "<group>";
		};
/* End PBXGroup section */

/* Begin PBXNativeTarget section */
		90911023192EEA70008A48AA /* EaseIM */ = {
			isa = PBXNativeTarget;
			buildConfigurationList = 90911050192EEA70008A48AA /* Build configuration list for PBXNativeTarget "EaseIM" */;
			buildPhases = (
				073D036FB89962B162478F1A /* [CP] Check Pods Manifest.lock */,
				90911020192EEA70008A48AA /* Sources */,
				90911021192EEA70008A48AA /* Frameworks */,
				90911022192EEA70008A48AA /* Resources */,
				3CDE808924FD024000BAA3E2 /* Embed App Extensions */,
				8B898B12304B923E6A9C67D9 /* [CP] Embed Pods Frameworks */,
				FB26E09BFF18BC7C1243CFBE /* [CP] Copy Pods Resources */,
			);
			buildRules = (
			);
			dependencies = (
			);
			name = EaseIM;
			productName = "ChatDemo-UI3.0";
			productReference = 90911024192EEA70008A48AA /* EaseIM.app */;
			productType = "com.apple.product-type.application";
		};
/* End PBXNativeTarget section */

/* Begin PBXProject section */
		9091101C192EEA70008A48AA /* Project object */ = {
			isa = PBXProject;
			attributes = {
				LastUpgradeCheck = 0810;
				ORGANIZATIONNAME = "___FULLUSERNAME___";
				TargetAttributes = {
					90911023192EEA70008A48AA = {
						DevelopmentTeam = 499WYUV8Q2;
						ProvisioningStyle = Automatic;
						SystemCapabilities = {
							com.apple.BackgroundModes = {
								enabled = 1;
							};
							com.apple.Push = {
								enabled = 1;
							};
						};
					};
				};
			};
			buildConfigurationList = 9091101F192EEA70008A48AA /* Build configuration list for PBXProject "EaseIM" */;
			compatibilityVersion = "Xcode 3.2";
			developmentRegion = English;
			hasScannedForEncodings = 0;
			knownRegions = (
				English,
				en,
				Base,
				"zh-Hans",
			);
			mainGroup = 9091101B192EEA70008A48AA;
			productRefGroup = 90911025192EEA70008A48AA /* Products */;
			projectDirPath = "";
			projectRoot = "";
			targets = (
				90911023192EEA70008A48AA /* EaseIM */,
			);
		};
/* End PBXProject section */

/* Begin PBXResourcesBuildPhase section */
		90911022192EEA70008A48AA /* Resources */ = {
			isa = PBXResourcesBuildPhase;
			buildActionMask = 2147483647;
			files = (
				3C4AED3D249A2F7B001F7C50 /* icon-tab我@2x.png in Resources */,
				3C4AED49249A2F95001F7C50 /* icon-tab通讯录@3x.png in Resources */,
				3C4AED4B249A2F95001F7C50 /* icon-tab通讯录@2x.png in Resources */,
				3C4AED45249A2F89001F7C50 /* icon-tab我unselected@3x.png in Resources */,
				3A45D9B322239DE200505786 /* Localizable.strings in Resources */,
				3C4AED44249A2F89001F7C50 /* icon-tab我unselected.png in Resources */,
				3C4AED3F249A2F7B001F7C50 /* icon-tab我@3x.png in Resources */,
				3C91A0A925C3FFBD00103C2E /* music.mp3 in Resources */,
				3A45D9B422239DE200505786 /* InfoPlist.strings in Resources */,
				3C4AED4A249A2F95001F7C50 /* icon-tab通讯录.png in Resources */,
				3C4AED51249A2F9D001F7C50 /* icon-tab通讯录unselected.png in Resources */,
				3C4AED55249A2FAB001F7C50 /* icon-tab会话@3x.png in Resources */,
				3C4AED4F249A2F9D001F7C50 /* icon-tab通讯录unselected@2x.png in Resources */,
				3C4AED57249A2FAB001F7C50 /* icon-tab会话@2x.png in Resources */,
				3A45DA2722239DE200505786 /* Images.xcassets in Resources */,
				C05E3E572890E56A008490D7 /* icon-add@3x.png in Resources */,
				3C4AED3E249A2F7B001F7C50 /* icon-tab我.png in Resources */,
				3C4AED5C249A2FB8001F7C50 /* icon-tab会话unselected@2x.png in Resources */,
				3C4AED5D249A2FB8001F7C50 /* icon-tab会话unselected@3x.png in Resources */,
				9EA3D50327BA3FD000FD621D /* ring.caf in Resources */,
				C05E3E562890E56A008490D7 /* icon-add@2x.png in Resources */,
				3C4AED5B249A2FB8001F7C50 /* icon-tab会话unselected.png in Resources */,
				3C4AED56249A2FAB001F7C50 /* icon-tab会话.png in Resources */,
				3C4AED50249A2F9D001F7C50 /* icon-tab通讯录unselected@3x.png in Resources */,
				3C4AED43249A2F89001F7C50 /* icon-tab我unselected@2x.png in Resources */,
			);
			runOnlyForDeploymentPostprocessing = 0;
		};
/* End PBXResourcesBuildPhase section */

/* Begin PBXShellScriptBuildPhase section */
		073D036FB89962B162478F1A /* [CP] Check Pods Manifest.lock */ = {
			isa = PBXShellScriptBuildPhase;
			buildActionMask = 2147483647;
			files = (
			);
			inputFileListPaths = (
			);
			inputPaths = (
				"${PODS_PODFILE_DIR_PATH}/Podfile.lock",
				"${PODS_ROOT}/Manifest.lock",
			);
			name = "[CP] Check Pods Manifest.lock";
			outputFileListPaths = (
			);
			outputPaths = (
				"$(DERIVED_FILE_DIR)/Pods-EaseIM-checkManifestLockResult.txt",
			);
			runOnlyForDeploymentPostprocessing = 0;
			shellPath = /bin/sh;
			shellScript = "diff \"${PODS_PODFILE_DIR_PATH}/Podfile.lock\" \"${PODS_ROOT}/Manifest.lock\" > /dev/null\nif [ $? != 0 ] ; then\n    # print error to STDERR\n    echo \"error: The sandbox is not in sync with the Podfile.lock. Run 'pod install' or update your CocoaPods installation.\" >&2\n    exit 1\nfi\n# This output is used by Xcode 'outputs' to avoid re-running this script phase.\necho \"SUCCESS\" > \"${SCRIPT_OUTPUT_FILE_0}\"\n";
			showEnvVarsInLog = 0;
		};
		8B898B12304B923E6A9C67D9 /* [CP] Embed Pods Frameworks */ = {
			isa = PBXShellScriptBuildPhase;
			buildActionMask = 2147483647;
			files = (
			);
			inputPaths = (
				"${PODS_ROOT}/Target Support Files/Pods-EaseIM/Pods-EaseIM-frameworks.sh",
				"${PODS_ROOT}/EMTranslate/EMTranslate.framework",
				"${BUILT_PRODUCTS_DIR}/FMDB/FMDB.framework",
				"${PODS_ROOT}/HyphenateChat/HyphenateChat.framework",
				"${BUILT_PRODUCTS_DIR}/MBProgressHUD/MBProgressHUD.framework",
				"${BUILT_PRODUCTS_DIR}/MJRefresh/MJRefresh.framework",
				"${BUILT_PRODUCTS_DIR}/Masonry/Masonry.framework",
				"${BUILT_PRODUCTS_DIR}/SDWebImage/SDWebImage.framework",
				"${PODS_XCFRAMEWORKS_BUILD_DIR}/AgoraRtcEngine_iOS/AINS/AgoraAIDenoiseExtension.framework/AgoraAIDenoiseExtension",
				"${PODS_XCFRAMEWORKS_BUILD_DIR}/AgoraRtcEngine_iOS/AV1Dec/AgoraDav1dExtension.framework/AgoraDav1dExtension",
				"${PODS_XCFRAMEWORKS_BUILD_DIR}/AgoraRtcEngine_iOS/ContentInspect/AgoraCIExtension.framework/AgoraCIExtension",
				"${PODS_XCFRAMEWORKS_BUILD_DIR}/AgoraRtcEngine_iOS/FullAudioFormat/AgoraFullAudioFormatExtension.framework/AgoraFullAudioFormatExtension",
				"${PODS_XCFRAMEWORKS_BUILD_DIR}/AgoraRtcEngine_iOS/JND/AgoraJNDExtension.framework/AgoraJNDExtension",
				"${PODS_XCFRAMEWORKS_BUILD_DIR}/AgoraRtcEngine_iOS/ROIEnc/AgoraFDExtension.framework/AgoraFDExtension",
				"${PODS_XCFRAMEWORKS_BUILD_DIR}/AgoraRtcEngine_iOS/ReplayKit/AgoraReplayKitExtension.framework/AgoraReplayKitExtension",
				"${PODS_XCFRAMEWORKS_BUILD_DIR}/AgoraRtcEngine_iOS/RtcBasic/AgoraRtcKit.framework/AgoraRtcKit",
				"${PODS_XCFRAMEWORKS_BUILD_DIR}/AgoraRtcEngine_iOS/RtcBasic/AgoraCore.framework/AgoraCore",
				"${PODS_XCFRAMEWORKS_BUILD_DIR}/AgoraRtcEngine_iOS/RtcBasic/Agoraffmpeg.framework/Agoraffmpeg",
				"${PODS_XCFRAMEWORKS_BUILD_DIR}/AgoraRtcEngine_iOS/RtcBasic/Agorafdkaac.framework/Agorafdkaac",
				"${PODS_XCFRAMEWORKS_BUILD_DIR}/AgoraRtcEngine_iOS/RtcBasic/AgoraSoundTouch.framework/AgoraSoundTouch",
				"${PODS_XCFRAMEWORKS_BUILD_DIR}/AgoraRtcEngine_iOS/SuperResolution/AgoraSuperResolutionExtension.framework/AgoraSuperResolutionExtension",
				"${PODS_XCFRAMEWORKS_BUILD_DIR}/AgoraRtcEngine_iOS/VideoPreprocess/AgoraVideoProcessExtension.framework/AgoraVideoProcessExtension",
				"${PODS_XCFRAMEWORKS_BUILD_DIR}/AgoraRtcEngine_iOS/VirtualBackground/AgoraVideoSegmentationExtension.framework/AgoraVideoSegmentationExtension",
			);
			name = "[CP] Embed Pods Frameworks";
			outputPaths = (
				"${TARGET_BUILD_DIR}/${FRAMEWORKS_FOLDER_PATH}/EMTranslate.framework",
				"${TARGET_BUILD_DIR}/${FRAMEWORKS_FOLDER_PATH}/FMDB.framework",
				"${TARGET_BUILD_DIR}/${FRAMEWORKS_FOLDER_PATH}/HyphenateChat.framework",
				"${TARGET_BUILD_DIR}/${FRAMEWORKS_FOLDER_PATH}/MBProgressHUD.framework",
				"${TARGET_BUILD_DIR}/${FRAMEWORKS_FOLDER_PATH}/MJRefresh.framework",
				"${TARGET_BUILD_DIR}/${FRAMEWORKS_FOLDER_PATH}/Masonry.framework",
				"${TARGET_BUILD_DIR}/${FRAMEWORKS_FOLDER_PATH}/SDWebImage.framework",
				"${TARGET_BUILD_DIR}/${FRAMEWORKS_FOLDER_PATH}/AgoraAIDenoiseExtension.framework",
				"${TARGET_BUILD_DIR}/${FRAMEWORKS_FOLDER_PATH}/AgoraDav1dExtension.framework",
				"${TARGET_BUILD_DIR}/${FRAMEWORKS_FOLDER_PATH}/AgoraCIExtension.framework",
				"${TARGET_BUILD_DIR}/${FRAMEWORKS_FOLDER_PATH}/AgoraFullAudioFormatExtension.framework",
				"${TARGET_BUILD_DIR}/${FRAMEWORKS_FOLDER_PATH}/AgoraJNDExtension.framework",
				"${TARGET_BUILD_DIR}/${FRAMEWORKS_FOLDER_PATH}/AgoraFDExtension.framework",
				"${TARGET_BUILD_DIR}/${FRAMEWORKS_FOLDER_PATH}/AgoraReplayKitExtension.framework",
				"${TARGET_BUILD_DIR}/${FRAMEWORKS_FOLDER_PATH}/AgoraRtcKit.framework",
				"${TARGET_BUILD_DIR}/${FRAMEWORKS_FOLDER_PATH}/AgoraCore.framework",
				"${TARGET_BUILD_DIR}/${FRAMEWORKS_FOLDER_PATH}/Agoraffmpeg.framework",
				"${TARGET_BUILD_DIR}/${FRAMEWORKS_FOLDER_PATH}/Agorafdkaac.framework",
				"${TARGET_BUILD_DIR}/${FRAMEWORKS_FOLDER_PATH}/AgoraSoundTouch.framework",
				"${TARGET_BUILD_DIR}/${FRAMEWORKS_FOLDER_PATH}/AgoraSuperResolutionExtension.framework",
				"${TARGET_BUILD_DIR}/${FRAMEWORKS_FOLDER_PATH}/AgoraVideoProcessExtension.framework",
				"${TARGET_BUILD_DIR}/${FRAMEWORKS_FOLDER_PATH}/AgoraVideoSegmentationExtension.framework",
			);
			runOnlyForDeploymentPostprocessing = 0;
			shellPath = /bin/sh;
			shellScript = "\"${PODS_ROOT}/Target Support Files/Pods-EaseIM/Pods-EaseIM-frameworks.sh\"\n";
			showEnvVarsInLog = 0;
		};
		FB26E09BFF18BC7C1243CFBE /* [CP] Copy Pods Resources */ = {
			isa = PBXShellScriptBuildPhase;
			buildActionMask = 2147483647;
			files = (
			);
			inputPaths = (
				"${PODS_ROOT}/Target Support Files/Pods-EaseIM/Pods-EaseIM-resources.sh",
				"${PODS_ROOT}/../../../easeui_ios/EaseIMKit/EaseIMKit/Resources/EaseIMKit.bundle",
				"${PODS_ROOT}/../../../easeui_ios/EaseIMKit/EaseIMKit/EaseCall/EaseCall.bundle",
				"${BUILT_PRODUCTS_DIR}/EaseIMKit/EaseIMKit.framework/EBBannerView.nib",
				"${BUILT_PRODUCTS_DIR}/EaseIMKit/EaseIMKit.framework/EBBannerViewController.nib",
				"${PODS_ROOT}/../../../easeui_ios/EaseIMKit/EaseIMKit/Resources/EBMuteDetector.mp3",
				"${BUILT_PRODUCTS_DIR}/EaseIMKit/EaseIMKit.framework/EBSystemBannerView.nib",
			);
			name = "[CP] Copy Pods Resources";
			outputPaths = (
				"${TARGET_BUILD_DIR}/${UNLOCALIZED_RESOURCES_FOLDER_PATH}/EaseIMKit.bundle",
				"${TARGET_BUILD_DIR}/${UNLOCALIZED_RESOURCES_FOLDER_PATH}/EaseCall.bundle",
				"${TARGET_BUILD_DIR}/${UNLOCALIZED_RESOURCES_FOLDER_PATH}/EBBannerView.nib",
				"${TARGET_BUILD_DIR}/${UNLOCALIZED_RESOURCES_FOLDER_PATH}/EBBannerViewController.nib",
				"${TARGET_BUILD_DIR}/${UNLOCALIZED_RESOURCES_FOLDER_PATH}/EBMuteDetector.mp3",
				"${TARGET_BUILD_DIR}/${UNLOCALIZED_RESOURCES_FOLDER_PATH}/EBSystemBannerView.nib",
			);
			runOnlyForDeploymentPostprocessing = 0;
			shellPath = /bin/sh;
			shellScript = "\"${PODS_ROOT}/Target Support Files/Pods-EaseIM/Pods-EaseIM-resources.sh\"\n";
			showEnvVarsInLog = 0;
		};
/* End PBXShellScriptBuildPhase section */

/* Begin PBXSourcesBuildPhase section */
		90911020192EEA70008A48AA /* Sources */ = {
			isa = PBXSourcesBuildPhase;
			buildActionMask = 2147483647;
			files = (
				C0B69FFC288E8E280035B551 /* BQEnterSwitchViewController.m in Sources */,
				C0B69FF9288E8C9C0035B551 /* BQPersonalGroupEnterViewController.m in Sources */,
				C0E6D27E288FFECB005FC97C /* UIColor+BQ.m in Sources */,
				C05E3E4B2890D014008490D7 /* EMSettingViewController.m in Sources */,
				C0DE50A4288FBC0400980C65 /* EMAlertView.m in Sources */,
				3A45DA2622239DE200505786 /* main.m in Sources */,
				3A45E0172223A1FD00505786 /* EMHomeViewController.m in Sources */,
				3A45DBDF22239DE300505786 /* AppDelegate.m in Sources */,
			);
			runOnlyForDeploymentPostprocessing = 0;
		};
/* End PBXSourcesBuildPhase section */

/* Begin PBXVariantGroup section */
		3A45D69A22239DE200505786 /* Localizable.strings */ = {
			isa = PBXVariantGroup;
			children = (
				3A45D69B22239DE200505786 /* zh-Hans */,
				3A45D69E22239DE200505786 /* en */,
			);
			name = Localizable.strings;
			sourceTree = "<group>";
		};
		3A45D69C22239DE200505786 /* InfoPlist.strings */ = {
			isa = PBXVariantGroup;
			children = (
				3A45D69D22239DE200505786 /* zh-Hans */,
				3A45D69F22239DE200505786 /* en */,
			);
			name = InfoPlist.strings;
			sourceTree = "<group>";
		};
/* End PBXVariantGroup section */

/* Begin XCBuildConfiguration section */
		9091104E192EEA70008A48AA /* Debug */ = {
			isa = XCBuildConfiguration;
			buildSettings = {
				ALWAYS_SEARCH_USER_PATHS = NO;
				ARCHS = "$(ARCHS_STANDARD)";
				CLANG_ANALYZER_LOCALIZABILITY_NONLOCALIZED = YES;
				CLANG_CXX_LANGUAGE_STANDARD = "gnu++0x";
				CLANG_CXX_LIBRARY = "libc++";
				CLANG_ENABLE_MODULES = YES;
				CLANG_ENABLE_OBJC_ARC = YES;
				CLANG_WARN_BOOL_CONVERSION = YES;
				CLANG_WARN_CONSTANT_CONVERSION = YES;
				CLANG_WARN_DIRECT_OBJC_ISA_USAGE = YES_ERROR;
				CLANG_WARN_EMPTY_BODY = YES;
				CLANG_WARN_ENUM_CONVERSION = YES;
				CLANG_WARN_INFINITE_RECURSION = YES;
				CLANG_WARN_INT_CONVERSION = YES;
				CLANG_WARN_OBJC_ROOT_CLASS = YES_ERROR;
				CLANG_WARN_SUSPICIOUS_MOVE = YES;
				CLANG_WARN_UNREACHABLE_CODE = YES;
				CLANG_WARN__DUPLICATE_METHOD_MATCH = YES;
				CODE_SIGN_IDENTITY = "iPhone Developer";
				"CODE_SIGN_IDENTITY[sdk=iphoneos*]" = "iPhone Developer";
				COPY_PHASE_STRIP = NO;
				ENABLE_STRICT_OBJC_MSGSEND = YES;
				ENABLE_TESTABILITY = YES;
				GCC_C_LANGUAGE_STANDARD = gnu99;
				GCC_DYNAMIC_NO_PIC = NO;
				GCC_NO_COMMON_BLOCKS = YES;
				GCC_OPTIMIZATION_LEVEL = 0;
				GCC_PREPROCESSOR_DEFINITIONS = (
					"DEBUG=1",
					"$(inherited)",
				);
				GCC_SYMBOLS_PRIVATE_EXTERN = NO;
				GCC_WARN_64_TO_32_BIT_CONVERSION = YES;
				GCC_WARN_ABOUT_RETURN_TYPE = YES_ERROR;
				GCC_WARN_UNDECLARED_SELECTOR = YES;
				GCC_WARN_UNINITIALIZED_AUTOS = YES_AGGRESSIVE;
				GCC_WARN_UNUSED_FUNCTION = YES;
				GCC_WARN_UNUSED_VARIABLE = YES;
				IPHONEOS_DEPLOYMENT_TARGET = 10.0;
				ONLY_ACTIVE_ARCH = YES;
				SDKROOT = iphoneos;
				SUPPORTED_PLATFORMS = "iphonesimulator iphoneos";
			};
			name = Debug;
		};
		9091104F192EEA70008A48AA /* Release */ = {
			isa = XCBuildConfiguration;
			buildSettings = {
				ALWAYS_SEARCH_USER_PATHS = NO;
				CLANG_ANALYZER_LOCALIZABILITY_NONLOCALIZED = YES;
				CLANG_CXX_LANGUAGE_STANDARD = "gnu++0x";
				CLANG_CXX_LIBRARY = "libc++";
				CLANG_ENABLE_MODULES = YES;
				CLANG_ENABLE_OBJC_ARC = YES;
				CLANG_WARN_BOOL_CONVERSION = YES;
				CLANG_WARN_CONSTANT_CONVERSION = YES;
				CLANG_WARN_DIRECT_OBJC_ISA_USAGE = YES_ERROR;
				CLANG_WARN_EMPTY_BODY = YES;
				CLANG_WARN_ENUM_CONVERSION = YES;
				CLANG_WARN_INFINITE_RECURSION = YES;
				CLANG_WARN_INT_CONVERSION = YES;
				CLANG_WARN_OBJC_ROOT_CLASS = YES_ERROR;
				CLANG_WARN_SUSPICIOUS_MOVE = YES;
				CLANG_WARN_UNREACHABLE_CODE = YES;
				CLANG_WARN__DUPLICATE_METHOD_MATCH = YES;
				CODE_SIGN_IDENTITY = "iPhone Distribution";
				"CODE_SIGN_IDENTITY[sdk=iphoneos*]" = "iPhone Distribution";
				COPY_PHASE_STRIP = YES;
				ENABLE_NS_ASSERTIONS = NO;
				ENABLE_STRICT_OBJC_MSGSEND = YES;
				GCC_C_LANGUAGE_STANDARD = gnu99;
				GCC_NO_COMMON_BLOCKS = YES;
				GCC_WARN_64_TO_32_BIT_CONVERSION = YES;
				GCC_WARN_ABOUT_RETURN_TYPE = YES_ERROR;
				GCC_WARN_UNDECLARED_SELECTOR = YES;
				GCC_WARN_UNINITIALIZED_AUTOS = YES_AGGRESSIVE;
				GCC_WARN_UNUSED_FUNCTION = YES;
				GCC_WARN_UNUSED_VARIABLE = YES;
				IPHONEOS_DEPLOYMENT_TARGET = 10.0;
				SDKROOT = iphoneos;
				SUPPORTED_PLATFORMS = "iphonesimulator iphoneos";
				VALIDATE_PRODUCT = YES;
			};
			name = Release;
		};
		90911051192EEA70008A48AA /* Debug */ = {
			isa = XCBuildConfiguration;
			baseConfigurationReference = 8B189299A54EE9BBE1F1817E /* Pods-EaseIM.debug.xcconfig */;
			buildSettings = {
				ARCHS = "$(ARCHS_STANDARD)";
				ASSETCATALOG_COMPILER_APPICON_NAME = AppIcon;
				ASSETCATALOG_COMPILER_LAUNCHIMAGE_NAME = LaunchImage;
				CLANG_ALLOW_NON_MODULAR_INCLUDES_IN_FRAMEWORK_MODULES = NO;
				CLANG_CXX_LANGUAGE_STANDARD = "gnu++0x";
				CLANG_CXX_LIBRARY = "libc++";
				CLANG_WARN_OBJC_IMPLICIT_RETAIN_SELF = YES;
				CODE_SIGN_ENTITLEMENTS = EaseIM/EaseIM.entitlements;
				CODE_SIGN_IDENTITY = "Apple Development";
				"CODE_SIGN_IDENTITY[sdk=iphoneos*]" = "Apple Development";
				CODE_SIGN_STYLE = Automatic;
				CURRENT_PROJECT_VERSION = 4;
				DEBUG_INFORMATION_FORMAT = dwarf;
				DEPLOYMENT_POSTPROCESSING = NO;
				DEVELOPMENT_TEAM = 499WYUV8Q2;
				EASEMOB_INC = "";
				EASEMOB_LIB = "";
				EASEMOB_LIBNAME = "";
				EASEMOB_ROOT = "";
				ENABLE_BITCODE = YES;
				EXCLUDED_ARCHS = "";
				FRAMEWORK_SEARCH_PATHS = (
					"$(inherited)",
					"$(PROJECT_DIR)",
					"$(PROJECT_DIR)/EaseIM",
				);
				GCC_PRECOMPILE_PREFIX_HEADER = YES;
				GCC_PREFIX_HEADER = "EaseIM/EaseIM-Prefix.pch";
				GCC_PREPROCESSOR_DEFINITIONS = (
					"$(inherited)",
					"COCOAPODS=1",
				);
				GCC_PREPROCESSOR_DEFINITIONS_NOT_USED_IN_PRECOMPS = AliAuthPay;
				HEADER_SEARCH_PATHS = "$(inherited)";
				INFOPLIST_EXPAND_BUILD_SETTINGS = YES;
				INFOPLIST_FILE = "EaseIM/EaseIM-Info.plist";
				IPHONEOS_DEPLOYMENT_TARGET = 11.0;
				LD_RUNPATH_SEARCH_PATHS = "$(inherited) @executable_path/Frameworks";
				LIBRARY_SEARCH_PATHS = "$(inherited)";
				MARKETING_VERSION = 3.9.0;
				ONLY_ACTIVE_ARCH = YES;
				OTHER_CFLAGS = (
					"$(inherited)",
					"-isystem",
					"\"${PODS_ROOT}/Headers/Public\"",
					"-isystem",
					"\"${PODS_ROOT}/Headers/Public/DACircularProgress\"",
					"-isystem",
					"\"${PODS_ROOT}/Headers/Public/EaseUI\"",
					"-isystem",
					"\"${PODS_ROOT}/Headers/Public/Hyphenate\"",
					"-isystem",
					"\"${PODS_ROOT}/Headers/Public/MBProgressHUD\"",
					"-isystem",
					"\"${PODS_ROOT}/Headers/Public/MJRefresh\"",
					"-isystem",
					"\"${PODS_ROOT}/Headers/Public/MWPhotoBrowser\"",
					"-isystem",
					"\"${PODS_ROOT}/Headers/Public/RedPacketAlipay\"",
					"-isystem",
					"\"${PODS_ROOT}/Headers/Public/RedpacketLib\"",
					"-isystem",
					"\"${PODS_ROOT}/Headers/Public/SDWebImage\"",
					"-fembed-bitcode",
				);
				OTHER_CPLUSPLUSFLAGS = "$(OTHER_CFLAGS)";
				OTHER_LDFLAGS = (
					"$(inherited)",
					"-ObjC",
				);
				PRODUCT_BUNDLE_IDENTIFIER = com.easemob.enterprise.easeim;
				PRODUCT_NAME = "$(TARGET_NAME)";
				PROVISIONING_PROFILE = "";
				PROVISIONING_PROFILE_SPECIFIER = "";
				SKIP_INSTALL = NO;
				STRIP_STYLE = all;
				SUPPORTED_PLATFORMS = "iphonesimulator iphoneos";
				TARGETED_DEVICE_FAMILY = 1;
				VALIDATE_WORKSPACE = NO;
				WRAPPER_EXTENSION = app;
			};
			name = Debug;
		};
		90911052192EEA70008A48AA /* Release */ = {
			isa = XCBuildConfiguration;
			baseConfigurationReference = 99F7D965763E386F7CDED5BD /* Pods-EaseIM.release.xcconfig */;
			buildSettings = {
				ARCHS = "$(ARCHS_STANDARD)";
				ASSETCATALOG_COMPILER_APPICON_NAME = AppIcon;
				ASSETCATALOG_COMPILER_LAUNCHIMAGE_NAME = LaunchImage;
				CLANG_ALLOW_NON_MODULAR_INCLUDES_IN_FRAMEWORK_MODULES = NO;
				CLANG_CXX_LANGUAGE_STANDARD = "gnu++0x";
				CLANG_CXX_LIBRARY = "libc++";
				CLANG_WARN_OBJC_IMPLICIT_RETAIN_SELF = YES;
				CODE_SIGN_ENTITLEMENTS = EaseIM/EaseIM.entitlements;
				CODE_SIGN_IDENTITY = "iPhone Distribution: EaseMob Inc.";
				"CODE_SIGN_IDENTITY[sdk=iphoneos*]" = "iPhone Distribution: EaseMob Inc.";
				CODE_SIGN_STYLE = Manual;
				CURRENT_PROJECT_VERSION = 4;
				DEPLOYMENT_POSTPROCESSING = NO;
				DEVELOPMENT_TEAM = 499WYUV8Q2;
				EASEMOB_INC = "";
				EASEMOB_LIB = "";
				EASEMOB_LIBNAME = "";
				EASEMOB_ROOT = "";
				ENABLE_BITCODE = YES;
				ENABLE_NS_ASSERTIONS = YES;
				EXCLUDED_ARCHS = "";
				FRAMEWORK_SEARCH_PATHS = (
					"$(inherited)",
					"$(PROJECT_DIR)",
					"$(PROJECT_DIR)/EaseIM",
				);
				GCC_PRECOMPILE_PREFIX_HEADER = YES;
				GCC_PREFIX_HEADER = "EaseIM/EaseIM-Prefix.pch";
				GCC_PREPROCESSOR_DEFINITIONS = (
					"$(inherited)",
					"COCOAPODS=1",
				);
				GCC_PREPROCESSOR_DEFINITIONS_NOT_USED_IN_PRECOMPS = AliAuthPay;
				HEADER_SEARCH_PATHS = "$(inherited)";
				INFOPLIST_EXPAND_BUILD_SETTINGS = YES;
				INFOPLIST_FILE = "EaseIM/EaseIM-Info.plist";
				IPHONEOS_DEPLOYMENT_TARGET = 11.0;
				LD_RUNPATH_SEARCH_PATHS = "$(inherited) @executable_path/Frameworks";
				LIBRARY_SEARCH_PATHS = "$(inherited)";
				MARKETING_VERSION = 3.9.0;
				ONLY_ACTIVE_ARCH = NO;
				OTHER_CFLAGS = (
					"$(inherited)",
					"-isystem",
					"\"${PODS_ROOT}/Headers/Public\"",
					"-isystem",
					"\"${PODS_ROOT}/Headers/Public/DACircularProgress\"",
					"-isystem",
					"\"${PODS_ROOT}/Headers/Public/EaseUI\"",
					"-isystem",
					"\"${PODS_ROOT}/Headers/Public/Hyphenate\"",
					"-isystem",
					"\"${PODS_ROOT}/Headers/Public/MBProgressHUD\"",
					"-isystem",
					"\"${PODS_ROOT}/Headers/Public/MJRefresh\"",
					"-isystem",
					"\"${PODS_ROOT}/Headers/Public/MWPhotoBrowser\"",
					"-isystem",
					"\"${PODS_ROOT}/Headers/Public/RedPacketAlipay\"",
					"-isystem",
					"\"${PODS_ROOT}/Headers/Public/RedpacketLib\"",
					"-isystem",
					"\"${PODS_ROOT}/Headers/Public/SDWebImage\"",
					"-fembed-bitcode",
				);
				OTHER_CPLUSPLUSFLAGS = "$(OTHER_CFLAGS)";
				OTHER_LDFLAGS = (
					"$(inherited)",
					"-ObjC",
				);
				PRODUCT_BUNDLE_IDENTIFIER = com.easemob.enterprise.easeim;
				PRODUCT_NAME = "$(TARGET_NAME)";
				PROVISIONING_PROFILE = "";
				PROVISIONING_PROFILE_SPECIFIER = "EaseIM Enterprise InHouse";
				SKIP_INSTALL = NO;
				STRIP_STYLE = all;
				SUPPORTED_PLATFORMS = "iphonesimulator iphoneos";
				TARGETED_DEVICE_FAMILY = 1;
				VALIDATE_WORKSPACE = NO;
				WRAPPER_EXTENSION = app;
			};
			name = Release;
		};
/* End XCBuildConfiguration section */

/* Begin XCConfigurationList section */
		9091101F192EEA70008A48AA /* Build configuration list for PBXProject "EaseIM" */ = {
			isa = XCConfigurationList;
			buildConfigurations = (
				9091104E192EEA70008A48AA /* Debug */,
				9091104F192EEA70008A48AA /* Release */,
			);
			defaultConfigurationIsVisible = 0;
			defaultConfigurationName = Debug;
		};
		90911050192EEA70008A48AA /* Build configuration list for PBXNativeTarget "EaseIM" */ = {
			isa = XCConfigurationList;
			buildConfigurations = (
				90911051192EEA70008A48AA /* Debug */,
				90911052192EEA70008A48AA /* Release */,
			);
			defaultConfigurationIsVisible = 0;
			defaultConfigurationName = Debug;
		};
/* End XCConfigurationList section */
	};
	rootObject = 9091101C192EEA70008A48AA /* Project object */;
}
